
Microsoft Visual Studio Solution File, Format Version 12.00
# Visual Studio Version 17
VisualStudioVersion = 17.14.36518.9
MinimumVisualStudioVersion = 10.0.40219.1
Project("{FAE04EC0-301F-11D3-BF4B-00C04F79EFBC}") = "FicheiroV2", "FicheiroV2.csproj", "{D02C5443-C554-4F1D-8723-B4832DF4E86B}"
EndProject
Global
	GlobalSection(SolutionConfigurationPlatforms) = preSolution
		Debug|Any CPU = Debug|Any CPU
		Release|Any CPU = Release|Any CPU
	EndGlobalSection
	GlobalSection(ProjectConfigurationPlatforms) = postSolution
		{D02C5443-C554-4F1D-8723-B4832DF4E86B}.Debug|Any CPU.ActiveCfg = Debug|Any CPU
		{D02C5443-C554-4F1D-8723-B4832DF4E86B}.Debug|Any CPU.Build.0 = Debug|Any CPU
		{D02C5443-C554-4F1D-8723-B4832DF4E86B}.Release|Any CPU.ActiveCfg = Release|Any CPU
		{D02C5443-C554-4F1D-8723-B4832DF4E86B}.Release|Any CPU.Build.0 = Release|Any CPU
	EndGlobalSection
	GlobalSection(SolutionProperties) = preSolution
		HideSolutionNode = FALSE
	EndGlobalSection
	GlobalSection(ExtensibilityGlobals) = postSolution
		SolutionGuid = {998AA761-7B60-42DA-8F82-D205244C4166}
	EndGlobalSection
EndGlobal
